
Microsoft Visual Studio Solution File, Format Version 12.00
# Visual Studio Version 17
VisualStudioVersion = 17.1.32319.34
MinimumVisualStudioVersion = 10.0.40219.1
Project("{9A19103F-16F7-4668-BE54-9A1E7A4F7556}") = "BlazorApp20", "BlazorApp20.csproj", "{84D9E08F-24BA-4A52-B3C0-D01D60D74D4A}"
EndProject
Global
	GlobalSection(SolutionConfigurationPlatforms) = preSolution
		Debug|Any CPU = Debug|Any CPU
		Release|Any CPU = Release|Any CPU
	EndGlobalSection
	GlobalSection(ProjectConfigurationPlatforms) = postSolution
		{84D9E08F-24BA-4A52-B3C0-D01D60D74D4A}.Debug|Any CPU.ActiveCfg = Debug|Any CPU
		{84D9E08F-24BA-4A52-B3C0-D01D60D74D4A}.Debug|Any CPU.Build.0 = Debug|Any CPU
		{84D9E08F-24BA-4A52-B3C0-D01D60D74D4A}.Release|Any CPU.ActiveCfg = Release|Any CPU
		{84D9E08F-24BA-4A52-B3C0-D01D60D74D4A}.Release|Any CPU.Build.0 = Release|Any CPU
	EndGlobalSection
	GlobalSection(SolutionProperties) = preSolution
		HideSolutionNode = FALSE
	EndGlobalSection
	GlobalSection(ExtensibilityGlobals) = postSolution
		SolutionGuid = {232599DE-EAAC-4B3C-992D-F5C78D3422DE}
	EndGlobalSection
EndGlobal
